
Microsoft Visual Studio Solution File, Format Version 12.00
# Visual Studio Version 16
VisualStudioVersion = 16.0.29306.81
MinimumVisualStudioVersion = 10.0.40219.1
Project("{FAE04EC0-301F-11D3-BF4B-00C04F79EFBC}") = "class_fall_24sep", "class_fall_24sep\class_fall_24sep.csproj", "{6AB4CCAF-BC75-433E-9CDD-231D8C5A51EF}"
EndProject
Global
	GlobalSection(SolutionConfigurationPlatforms) = preSolution
		Debug|Any CPU = Debug|Any CPU
		Release|Any CPU = Release|Any CPU
	EndGlobalSection
	GlobalSection(ProjectConfigurationPlatforms) = postSolution
		{6AB4CCAF-BC75-433E-9CDD-231D8C5A51EF}.Debug|Any CPU.ActiveCfg = Debug|Any CPU
		{6AB4CCAF-BC75-433E-9CDD-231D8C5A51EF}.Debug|Any CPU.Build.0 = Debug|Any CPU
		{6AB4CCAF-BC75-433E-9CDD-231D8C5A51EF}.Release|Any CPU.ActiveCfg = Release|Any CPU
		{6AB4CCAF-BC75-433E-9CDD-231D8C5A51EF}.Release|Any CPU.Build.0 = Release|Any CPU
	EndGlobalSection
	GlobalSection(SolutionProperties) = preSolution
		HideSolutionNode = FALSE
	EndGlobalSection
	GlobalSection(ExtensibilityGlobals) = postSolution
		SolutionGuid = {D531F17E-29D5-4089-A303-4100FC07647E}
	EndGlobalSection
EndGlobal
